
Microsoft Visual Studio Solution File, Format Version 12.00
# Visual Studio Version 17
VisualStudioVersion = 17.0.31903.59
MinimumVisualStudioVersion = 10.0.40219.1
Project("{FAE04EC0-301F-11D3-BF4B-00C04F79EFBC}") = "KrytenAssist.Core", "KrytenAssist.Core\KrytenAssist.Core.csproj", "{05A08973-F739-42DE-8FF5-F890D74D2790}"
EndProject
Project("{FAE04EC0-301F-11D3-BF4B-00C04F79EFBC}") = "KrytenAssist.Application", "KrytenAssist.Application\KrytenAssist.Application.csproj", "{CE090B6C-BB1D-45A3-93CA-F7309C682F55}"
EndProject
Project("{FAE04EC0-301F-11D3-BF4B-00C04F79EFBC}") = "KrytenAssist.Infrastructure", "KrytenAssist.Infrastructure\KrytenAssist.Infrastructure.csproj", "{B88CBBFB-8F2B-4743-94A2-3426AE7FDB43}"
EndProject
Project("{FAE04EC0-301F-11D3-BF4B-00C04F79EFBC}") = "KrytenAssist.Api", "KrytenAssist.Api\KrytenAssist.Api.csproj", "{6E70CB2D-5BB4-4AE7-A231-AD8F0E4A75CD}"
EndProject
Project("{2150E333-8FDC-42A3-9474-1A3956D46DE8}") = "AI Playbook", "AI Playbook", "{27EC14B4-3186-42AB-B0D5-DD2CC24341DD}"
EndProject
Project("{2150E333-8FDC-42A3-9474-1A3956D46DE8}") = "SolutionFolder1", "SolutionFolder1", "{FAAE8E4E-DCC0-49AE-95FF-D1EFF42E79EF}"
EndProject
Project("{2150E333-8FDC-42A3-9474-1A3956D46DE8}") = "scripts", "scripts", "{6674052A-AFB8-4EBB-9BB9-954AECB09726}"
EndProject
Project("{FAE04EC0-301F-11D3-BF4B-00C04F79EFBC}") = "KrytenAssist.Api.Tests", "KrytenAssist.Api.Tests\KrytenAssist.Api.Tests.csproj", "{66307C0F-E86E-419A-B362-F3E53EE0E8CD}"
EndProject
Project("{FAE04EC0-301F-11D3-BF4B-00C04F79EFBC}") = "KrytenAssist.Avalonia", "KrytenAssist.Avalonia\KrytenAssist.Avalonia.csproj", "{FDEAA2D4-FAF7-498A-BCAB-944AD6F578BE}"
EndProject
Project("{FAE04EC0-301F-11D3-BF4B-00C04F79EFBC}") = "KrytenAssist.Avalonia.Tests", "KrytenAssist.Avalonia.Tests\KrytenAssist.Avalonia.Tests.csproj", "{20B9AFC7-3C12-4731-8129-D434EBED6F35}"
EndProject
Project("{FAE04EC0-301F-11D3-BF4B-00C04F79EFBC}") = "KrytenAssist.Core.Tests", "KrytenAssist.Core.Tests\KrytenAssist.Core.Tests.csproj", "{FAFE87BA-5BBA-4E28-AF5C-12FA6A472F7A}"
EndProject
Global
	GlobalSection(SolutionConfigurationPlatforms) = preSolution
		Debug|Any CPU = Debug|Any CPU
		Debug|x64 = Debug|x64
		Debug|x86 = Debug|x86
		Release|Any CPU = Release|Any CPU
		Release|x64 = Release|x64
		Release|x86 = Release|x86
	EndGlobalSection
	GlobalSection(ProjectConfigurationPlatforms) = postSolution
		{05A08973-F739-42DE-8FF5-F890D74D2790}.Debug|Any CPU.ActiveCfg = Debug|Any CPU
		{05A08973-F739-42DE-8FF5-F890D74D2790}.Debug|Any CPU.Build.0 = Debug|Any CPU
		{05A08973-F739-42DE-8FF5-F890D74D2790}.Debug|x64.ActiveCfg = Debug|Any CPU
		{05A08973-F739-42DE-8FF5-F890D74D2790}.Debug|x64.Build.0 = Debug|Any CPU
		{05A08973-F739-42DE-8FF5-F890D74D2790}.Debug|x86.ActiveCfg = Debug|Any CPU
		{05A08973-F739-42DE-8FF5-F890D74D2790}.Debug|x86.Build.0 = Debug|Any CPU
		{05A08973-F739-42DE-8FF5-F890D74D2790}.Release|Any CPU.ActiveCfg = Release|Any CPU
		{05A08973-F739-42DE-8FF5-F890D74D2790}.Release|Any CPU.Build.0 = Release|Any CPU
		{05A08973-F739-42DE-8FF5-F890D74D2790}.Release|x64.ActiveCfg = Release|Any CPU
		{05A08973-F739-42DE-8FF5-F890D74D2790}.Release|x64.Build.0 = Release|Any CPU
		{05A08973-F739-42DE-8FF5-F890D74D2790}.Release|x86.ActiveCfg = Release|Any CPU
		{05A08973-F739-42DE-8FF5-F890D74D2790}.Release|x86.Build.0 = Release|Any CPU
		{CE090B6C-BB1D-45A3-93CA-F7309C682F55}.Debug|Any CPU.ActiveCfg = Debug|Any CPU
		{CE090B6C-BB1D-45A3-93CA-F7309C682F55}.Debug|Any CPU.Build.0 = Debug|Any CPU
		{CE090B6C-BB1D-45A3-93CA-F7309C682F55}.Debug|x64.ActiveCfg = Debug|Any CPU
		{CE090B6C-BB1D-45A3-93CA-F7309C682F55}.Debug|x64.Build.0 = Debug|Any CPU
		{CE090B6C-BB1D-45A3-93CA-F7309C682F55}.Debug|x86.ActiveCfg = Debug|Any CPU
		{CE090B6C-BB1D-45A3-93CA-F7309C682F55}.Debug|x86.Build.0 = Debug|Any CPU
		{CE090B6C-BB1D-45A3-93CA-F7309C682F55}.Release|Any CPU.ActiveCfg = Release|Any CPU
		{CE090B6C-BB1D-45A3-93CA-F7309C682F55}.Release|Any CPU.Build.0 = Release|Any CPU
		{CE090B6C-BB1D-45A3-93CA-F7309C682F55}.Release|x64.ActiveCfg = Release|Any CPU
		{CE090B6C-BB1D-45A3-93CA-F7309C682F55}.Release|x64.Build.0 = Release|Any CPU
		{CE090B6C-BB1D-45A3-93CA-F7309C682F55}.Release|x86.ActiveCfg = Release|Any CPU
		{CE090B6C-BB1D-45A3-93CA-F7309C682F55}.Release|x86.Build.0 = Release|Any CPU
		{B88CBBFB-8F2B-4743-94A2-3426AE7FDB43}.Debug|Any CPU.ActiveCfg = Debug|Any CPU
		{B88CBBFB-8F2B-4743-94A2-3426AE7FDB43}.Debug|Any CPU.Build.0 = Debug|Any CPU
		{B88CBBFB-8F2B-4743-94A2-3426AE7FDB43}.Debug|x64.ActiveCfg = Debug|Any CPU
		{B88CBBFB-8F2B-4743-94A2-3426AE7FDB43}.Debug|x64.Build.0 = Debug|Any CPU
		{B88CBBFB-8F2B-4743-94A2-3426AE7FDB43}.Debug|x86.ActiveCfg = Debug|Any CPU
		{B88CBBFB-8F2B-4743-94A2-3426AE7FDB43}.Debug|x86.Build.0 = Debug|Any CPU
		{B88CBBFB-8F2B-4743-94A2-3426AE7FDB43}.Release|Any CPU.ActiveCfg = Release|Any CPU
		{B88CBBFB-8F2B-4743-94A2-3426AE7FDB43}.Release|Any CPU.Build.0 = Release|Any CPU
		{B88CBBFB-8F2B-4743-94A2-3426AE7FDB43}.Release|x64.ActiveCfg = Release|Any CPU
		{B88CBBFB-8F2B-4743-94A2-3426AE7FDB43}.Release|x64.Build.0 = Release|Any CPU
		{B88CBBFB-8F2B-4743-94A2-3426AE7FDB43}.Release|x86.ActiveCfg = Release|Any CPU
		{B88CBBFB-8F2B-4743-94A2-3426AE7FDB43}.Release|x86.Build.0 = Release|Any CPU
		{6E70CB2D-5BB4-4AE7-A231-AD8F0E4A75CD}.Debug|Any CPU.ActiveCfg = Debug|Any CPU
		{6E70CB2D-5BB4-4AE7-A231-AD8F0E4A75CD}.Debug|Any CPU.Build.0 = Debug|Any CPU
		{6E70CB2D-5BB4-4AE7-A231-AD8F0E4A75CD}.Debug|x64.ActiveCfg = Debug|Any CPU
		{6E70CB2D-5BB4-4AE7-A231-AD8F0E4A75CD}.Debug|x64.Build.0 = Debug|Any CPU
		{6E70CB2D-5BB4-4AE7-A231-AD8F0E4A75CD}.Debug|x86.ActiveCfg = Debug|Any CPU
		{6E70CB2D-5BB4-4AE7-A231-AD8F0E4A75CD}.Debug|x86.Build.0 = Debug|Any CPU
		{6E70CB2D-5BB4-4AE7-A231-AD8F0E4A75CD}.Release|Any CPU.ActiveCfg = Release|Any CPU
		{6E70CB2D-5BB4-4AE7-A231-AD8F0E4A75CD}.Release|Any CPU.Build.0 = Release|Any CPU
		{6E70CB2D-5BB4-4AE7-A231-AD8F0E4A75CD}.Release|x64.ActiveCfg = Release|Any CPU
		{6E70CB2D-5BB4-4AE7-A231-AD8F0E4A75CD}.Release|x64.Build.0 = Release|Any CPU
		{6E70CB2D-5BB4-4AE7-A231-AD8F0E4A75CD}.Release|x86.ActiveCfg = Release|Any CPU
		{6E70CB2D-5BB4-4AE7-A231-AD8F0E4A75CD}.Release|x86.Build.0 = Release|Any CPU
		{66307C0F-E86E-419A-B362-F3E53EE0E8CD}.Debug|Any CPU.ActiveCfg = Debug|Any CPU
		{66307C0F-E86E-419A-B362-F3E53EE0E8CD}.Debug|Any CPU.Build.0 = Debug|Any CPU
		{66307C0F-E86E-419A-B362-F3E53EE0E8CD}.Debug|x64.ActiveCfg = Debug|Any CPU
		{66307C0F-E86E-419A-B362-F3E53EE0E8CD}.Debug|x64.Build.0 = Debug|Any CPU
		{66307C0F-E86E-419A-B362-F3E53EE0E8CD}.Debug|x86.ActiveCfg = Debug|Any CPU
		{66307C0F-E86E-419A-B362-F3E53EE0E8CD}.Debug|x86.Build.0 = Debug|Any CPU
		{66307C0F-E86E-419A-B362-F3E53EE0E8CD}.Release|Any CPU.ActiveCfg = Release|Any CPU
		{66307C0F-E86E-419A-B362-F3E53EE0E8CD}.Release|Any CPU.Build.0 = Release|Any CPU
		{66307C0F-E86E-419A-B362-F3E53EE0E8CD}.Release|x64.ActiveCfg = Release|Any CPU
		{66307C0F-E86E-419A-B362-F3E53EE0E8CD}.Release|x64.Build.0 = Release|Any CPU
		{66307C0F-E86E-419A-B362-F3E53EE0E8CD}.Release|x86.ActiveCfg = Release|Any CPU
		{66307C0F-E86E-419A-B362-F3E53EE0E8CD}.Release|x86.Build.0 = Release|Any CPU
		{FDEAA2D4-FAF7-498A-BCAB-944AD6F578BE}.Debug|Any CPU.ActiveCfg = Debug|Any CPU
		{FDEAA2D4-FAF7-498A-BCAB-944AD6F578BE}.Debug|Any CPU.Build.0 = Debug|Any CPU
		{FDEAA2D4-FAF7-498A-BCAB-944AD6F578BE}.Debug|x64.ActiveCfg = Debug|Any CPU
		{FDEAA2D4-FAF7-498A-BCAB-944AD6F578BE}.Debug|x64.Build.0 = Debug|Any CPU
		{FDEAA2D4-FAF7-498A-BCAB-944AD6F578BE}.Debug|x86.ActiveCfg = Debug|Any CPU
		{FDEAA2D4-FAF7-498A-BCAB-944AD6F578BE}.Debug|x86.Build.0 = Debug|Any CPU
		{FDEAA2D4-FAF7-498A-BCAB-944AD6F578BE}.Release|Any CPU.ActiveCfg = Release|Any CPU
		{FDEAA2D4-FAF7-498A-BCAB-944AD6F578BE}.Release|Any CPU.Build.0 = Release|Any CPU
		{FDEAA2D4-FAF7-498A-BCAB-944AD6F578BE}.Release|x64.ActiveCfg = Release|Any CPU
		{FDEAA2D4-FAF7-498A-BCAB-944AD6F578BE}.Release|x64.Build.0 = Release|Any CPU
		{FDEAA2D4-FAF7-498A-BCAB-944AD6F578BE}.Release|x86.ActiveCfg = Release|Any CPU
		{FDEAA2D4-FAF7-498A-BCAB-944AD6F578BE}.Release|x86.Build.0 = Release|Any CPU
		{20B9AFC7-3C12-4731-8129-D434EBED6F35}.Debug|Any CPU.ActiveCfg = Debug|Any CPU
		{20B9AFC7-3C12-4731-8129-D434EBED6F35}.Debug|Any CPU.Build.0 = Debug|Any CPU
		{20B9AFC7-3C12-4731-8129-D434EBED6F35}.Debug|x64.ActiveCfg = Debug|Any CPU
		{20B9AFC7-3C12-4731-8129-D434EBED6F35}.Debug|x64.Build.0 = Debug|Any CPU
		{20B9AFC7-3C12-4731-8129-D434EBED6F35}.Debug|x86.ActiveCfg = Debug|Any CPU
		{20B9AFC7-3C12-4731-8129-D434EBED6F35}.Debug|x86.Build.0 = Debug|Any CPU
		{20B9AFC7-3C12-4731-8129-D434EBED6F35}.Release|Any CPU.ActiveCfg = Release|Any CPU
		{20B9AFC7-3C12-4731-8129-D434EBED6F35}.Release|Any CPU.Build.0 = Release|Any CPU
		{20B9AFC7-3C12-4731-8129-D434EBED6F35}.Release|x64.ActiveCfg = Release|Any CPU
		{20B9AFC7-3C12-4731-8129-D434EBED6F35}.Release|x64.Build.0 = Release|Any CPU
		{20B9AFC7-3C12-4731-8129-D434EBED6F35}.Release|x86.ActiveCfg = Release|Any CPU
		{20B9AFC7-3C12-4731-8129-D434EBED6F35}.Release|x86.Build.0 = Release|Any CPU
		{FAFE87BA-5BBA-4E28-AF5C-12FA6A472F7A}.Debug|Any CPU.ActiveCfg = Debug|Any CPU
		{FAFE87BA-5BBA-4E28-AF5C-12FA6A472F7A}.Debug|Any CPU.Build.0 = Debug|Any CPU
		{FAFE87BA-5BBA-4E28-AF5C-12FA6A472F7A}.Debug|x64.ActiveCfg = Debug|Any CPU
		{FAFE87BA-5BBA-4E28-AF5C-12FA6A472F7A}.Debug|x64.Build.0 = Debug|Any CPU
		{FAFE87BA-5BBA-4E28-AF5C-12FA6A472F7A}.Debug|x86.ActiveCfg = Debug|Any CPU
		{FAFE87BA-5BBA-4E28-AF5C-12FA6A472F7A}.Debug|x86.Build.0 = Debug|Any CPU
		{FAFE87BA-5BBA-4E28-AF5C-12FA6A472F7A}.Release|Any CPU.ActiveCfg = Release|Any CPU
		{FAFE87BA-5BBA-4E28-AF5C-12FA6A472F7A}.Release|Any CPU.Build.0 = Release|Any CPU
		{FAFE87BA-5BBA-4E28-AF5C-12FA6A472F7A}.Release|x64.ActiveCfg = Release|Any CPU
		{FAFE87BA-5BBA-4E28-AF5C-12FA6A472F7A}.Release|x64.Build.0 = Release|Any CPU
		{FAFE87BA-5BBA-4E28-AF5C-12FA6A472F7A}.Release|x86.ActiveCfg = Release|Any CPU
		{FAFE87BA-5BBA-4E28-AF5C-12FA6A472F7A}.Release|x86.Build.0 = Release|Any CPU
	EndGlobalSection
	GlobalSection(SolutionProperties) = preSolution
		HideSolutionNode = FALSE
	EndGlobalSection
	GlobalSection(NestedProjects) = preSolution
		{FAAE8E4E-DCC0-49AE-95FF-D1EFF42E79EF} = {27EC14B4-3186-42AB-B0D5-DD2CC24341DD}
	EndGlobalSection
EndGlobal
